
Microsoft Visual Studio Solution File, Format Version 12.00
# Visual Studio Version 16
VisualStudioVersion = 16.0.28922.388
MinimumVisualStudioVersion = 10.0.40219.1
Project("{2150E333-8FDC-42A3-9474-1A3956D46DE8}") = "Src", "Src", "{0279CFE1-07AB-4DC4-A741-9DA7FC46DED8}"
EndProject
Project("{2150E333-8FDC-42A3-9474-1A3956D46DE8}") = "Admin", "Admin", "{C1BDD8CE-2C44-43E6-9783-29491443C435}"
EndProject
Project("{2150E333-8FDC-42A3-9474-1A3956D46DE8}") = "Core", "Core", "{A923071D-F8F4-47CD-880D-5882526DEC46}"
EndProject
Project("{2150E333-8FDC-42A3-9474-1A3956D46DE8}") = "Project", "Project", "{CA3D6D4A-74C5-417F-9A3E-007068A20403}"
EndProject
Project("{2150E333-8FDC-42A3-9474-1A3956D46DE8}") = "Web", "Web", "{61452C03-E8F8-498F-B162-A283D167337D}"
EndProject
Project("{2150E333-8FDC-42A3-9474-1A3956D46DE8}") = "User", "User", "{2E49D844-AF6B-4671-BEE4-CA55B63B1EE6}"
EndProject
Project("{2150E333-8FDC-42A3-9474-1A3956D46DE8}") = "Seller", "Seller", "{4588E051-81CB-4552-879A-5B854E799427}"
EndProject
Project("{2150E333-8FDC-42A3-9474-1A3956D46DE8}") = "Buyer", "Buyer", "{140F5FF5-A498-4289-A510-E9DF1E4E01FE}"
EndProject
Project("{2150E333-8FDC-42A3-9474-1A3956D46DE8}") = "Freight", "Freight", "{77ED35E4-5B4D-4A4A-A07A-31E4A99BF59D}"
EndProject
Project("{2150E333-8FDC-42A3-9474-1A3956D46DE8}") = "Test", "Test", "{A8610FFD-2F8B-4E27-90E4-E37CD79F436B}"
EndProject
Project("{2150E333-8FDC-42A3-9474-1A3956D46DE8}") = "Doc", "Doc", "{C9EB0DD1-045E-4D40-AADB-2A62C7C0F515}"
	ProjectSection(SolutionItems) = preProject
		AppSetting.仿真.json = AppSetting.仿真.json
		DBChange.md = DBChange.md
		ims v1.1.1.md = ims v1.1.1.md
		ims v1.2.0.md = ims v1.2.0.md
		ims v1.3.0.md = ims v1.3.0.md
		ims v1.4.0.md = ims v1.4.0.md
		ims v2.4.0.md = ims v2.4.0.md
		ims_share.md = ims_share.md
		ms v2.4.1.md = ms v2.4.1.md
		ms v2.4.2.md = ms v2.4.2.md
		readme.md = readme.md
		User2.3.0.md = User2.3.0.md
		注意事项.md = 注意事项.md
	EndProjectSection
EndProject
Project("{2150E333-8FDC-42A3-9474-1A3956D46DE8}") = "Message", "Message", "{E564CE9D-C1EF-4F4B-8493-196BA7EED630}"
EndProject
Project("{9A19103F-16F7-4668-BE54-9A1E7A4F7556}") = "YQTrack.Core.Backend.Admin.Service", "Src\Admin\YQTrack.Core.Backend.Admin.Service\YQTrack.Core.Backend.Admin.Service.csproj", "{BE50F7E7-19E7-49C6-8BA3-1F7CA9E50F9F}"
EndProject
Project("{9A19103F-16F7-4668-BE54-9A1E7A4F7556}") = "YQTrack.Core.Backend.Admin.DTO", "Src\Admin\YQTrack.Core.Backend.Admin.DTO\YQTrack.Core.Backend.Admin.DTO.csproj", "{F265F4D2-9870-4475-BC07-A09AB7EA1C64}"
EndProject
Project("{9A19103F-16F7-4668-BE54-9A1E7A4F7556}") = "YQTrack.Core.Backend.Admin.Data", "Src\Admin\YQTrack.Core.Backend.Admin.Data\YQTrack.Core.Backend.Admin.Data.csproj", "{F1FD4EEE-53EB-43E9-B752-1501C3823E99}"
EndProject
Project("{9A19103F-16F7-4668-BE54-9A1E7A4F7556}") = "YQTrack.Core.Backend.Admin.WebCore", "Src\Core\YQTrack.Core.Backend.Admin.WebCore\YQTrack.Core.Backend.Admin.WebCore.csproj", "{471E5095-5D18-4069-ABB7-14F921CF3000}"
EndProject
Project("{9A19103F-16F7-4668-BE54-9A1E7A4F7556}") = "YQTrack.Core.Backend.Admin.Freight.Service", "Src\Project\Freight\YQTrack.Core.Backend.Admin.Freight.Service\YQTrack.Core.Backend.Admin.Freight.Service.csproj", "{08AFFC38-CC98-4200-8F41-E23FBE4433B3}"
EndProject
Project("{9A19103F-16F7-4668-BE54-9A1E7A4F7556}") = "YQTrack.Core.Backend.Admin.Freight.DTO", "Src\Project\Freight\YQTrack.Core.Backend.Admin.Freight.DTO\YQTrack.Core.Backend.Admin.Freight.DTO.csproj", "{AA660A6A-C729-4987-8B1C-B31434DA7DE1}"
EndProject
Project("{9A19103F-16F7-4668-BE54-9A1E7A4F7556}") = "YQTrack.Core.Backend.Admin.Freight.Data", "Src\Project\Freight\YQTrack.Core.Backend.Admin.Freight.Data\YQTrack.Core.Backend.Admin.Freight.Data.csproj", "{0C50C30B-387E-4694-8358-6F7839439E19}"
EndProject
Project("{9A19103F-16F7-4668-BE54-9A1E7A4F7556}") = "YQTrack.Core.Backend.Admin.Web", "Src\Web\YQTrack.Core.Backend.Admin.Web\YQTrack.Core.Backend.Admin.Web.csproj", "{3E6C069B-00E2-433F-A834-83ED955476BB}"
EndProject
Project("{9A19103F-16F7-4668-BE54-9A1E7A4F7556}") = "YQTrack.Core.Backend.Admin.Core", "Src\Admin\YQTrack.Core.Backend.Admin.Core\YQTrack.Core.Backend.Admin.Core.csproj", "{59B4754A-ECCB-4043-8D9F-91BCDD9771A9}"
EndProject
Project("{9A19103F-16F7-4668-BE54-9A1E7A4F7556}") = "YQTrack.Core.Backend.Enums", "Src\Core\YQTrack.Core.Backend.Enums\YQTrack.Core.Backend.Enums.csproj", "{7083D1E7-9C18-425E-AF4D-2FA252050274}"
EndProject
Project("{9A19103F-16F7-4668-BE54-9A1E7A4F7556}") = "XUnitTest", "Src\Test\XUnitTest\XUnitTest.csproj", "{768B0F71-684B-47F6-A60F-6FD5E058380C}"
EndProject
Project("{9A19103F-16F7-4668-BE54-9A1E7A4F7556}") = "YQTrack.Core.Backend.Admin.User.Data", "Src\Project\User\YQTrack.Core.Backend.Admin.User.Data\YQTrack.Core.Backend.Admin.User.Data.csproj", "{9BAF434F-258A-4CD9-86E8-1C266063D4FF}"
EndProject
Project("{9A19103F-16F7-4668-BE54-9A1E7A4F7556}") = "YQTrack.Core.Backend.Admin.User.DTO", "Src\Project\User\YQTrack.Core.Backend.Admin.User.DTO\YQTrack.Core.Backend.Admin.User.DTO.csproj", "{5F741442-4E6E-44C4-A5CC-8694B476B35F}"
EndProject
Project("{9A19103F-16F7-4668-BE54-9A1E7A4F7556}") = "YQTrack.Core.Backend.Admin.User.Service", "Src\Project\User\YQTrack.Core.Backend.Admin.User.Service\YQTrack.Core.Backend.Admin.User.Service.csproj", "{65DBC3E4-D746-47FC-80CA-6A7E5ED76F4F}"
EndProject
Project("{9A19103F-16F7-4668-BE54-9A1E7A4F7556}") = "YQTrack.Core.Backend.Admin.Message.Data", "Src\Project\Message\YQTrack.Core.Backend.Admin.Message.Data\YQTrack.Core.Backend.Admin.Message.Data.csproj", "{F20844C8-BAFE-4E2E-8BA4-3BF13A1B8793}"
EndProject
Project("{9A19103F-16F7-4668-BE54-9A1E7A4F7556}") = "YQTrack.Core.Backend.Admin.Message.DTO", "Src\Project\Message\YQTrack.Core.Backend.Admin.Message.DTO\YQTrack.Core.Backend.Admin.Message.DTO.csproj", "{85875C84-5658-404F-9F57-847EECF811F5}"
EndProject
Project("{9A19103F-16F7-4668-BE54-9A1E7A4F7556}") = "YQTrack.Core.Backend.Admin.Message.Service", "Src\Project\Message\YQTrack.Core.Backend.Admin.Message.Service\YQTrack.Core.Backend.Admin.Message.Service.csproj", "{AABB783E-A9F2-482C-968F-1AE631C1F6F5}"
EndProject
Project("{9A19103F-16F7-4668-BE54-9A1E7A4F7556}") = "YQTrack.Core.Backend.Admin.Message.Core", "Src\Project\Message\YQTrack.Core.Backend.Admin.Message.Core\YQTrack.Core.Backend.Admin.Message.Core.csproj", "{B6E41EF9-B304-46C7-99BA-D50A5C3FD4ED}"
EndProject
Project("{2150E333-8FDC-42A3-9474-1A3956D46DE8}") = "Pay", "Pay", "{7F826C28-DD27-4B22-A980-33CF81E58EAC}"
EndProject
Project("{9A19103F-16F7-4668-BE54-9A1E7A4F7556}") = "YQTrack.Core.Backend.Admin.Pay.Data", "Src\Project\Pay\YQTrack.Core.Backend.Admin.Pay.Data\YQTrack.Core.Backend.Admin.Pay.Data.csproj", "{9A02E931-BEAA-437A-9412-C33810B705EC}"
EndProject
Project("{9A19103F-16F7-4668-BE54-9A1E7A4F7556}") = "YQTrack.Core.Backend.Admin.Pay.DTO", "Src\Project\Pay\YQTrack.Core.Backend.Admin.Pay.DTO\YQTrack.Core.Backend.Admin.Pay.DTO.csproj", "{A65FB090-3224-4CF3-833E-4EEB1684F7A5}"
EndProject
Project("{9A19103F-16F7-4668-BE54-9A1E7A4F7556}") = "YQTrack.Core.Backend.Admin.Pay.Service", "Src\Project\Pay\YQTrack.Core.Backend.Admin.Pay.Service\YQTrack.Core.Backend.Admin.Pay.Service.csproj", "{C03B2B8D-8A89-4C4C-A7A4-E943DD761A81}"
EndProject
Project("{2150E333-8FDC-42A3-9474-1A3956D46DE8}") = "Deals", "Deals", "{BC7ADDB3-227A-41F7-9246-66FF5EBCF852}"
EndProject
Project("{9A19103F-16F7-4668-BE54-9A1E7A4F7556}") = "YQTrack.Core.Backend.Admin.Deals.Core", "Src\Project\Deals\YQTrack.Core.Backend.Admin.Deals.Core\YQTrack.Core.Backend.Admin.Deals.Core.csproj", "{E308F593-6FD5-461C-AC0C-A843423A0319}"
EndProject
Project("{9A19103F-16F7-4668-BE54-9A1E7A4F7556}") = "YQTrack.Core.Backend.Admin.Deals.Data", "Src\Project\Deals\YQTrack.Core.Backend.Admin.Deals.Data\YQTrack.Core.Backend.Admin.Deals.Data.csproj", "{311300D4-6D5A-45C9-AE38-D8475367A7D5}"
EndProject
Project("{9A19103F-16F7-4668-BE54-9A1E7A4F7556}") = "YQTrack.Core.Backend.Admin.Deals.DTO", "Src\Project\Deals\YQTrack.Core.Backend.Admin.Deals.DTO\YQTrack.Core.Backend.Admin.Deals.DTO.csproj", "{C3A797F5-7A7E-41B4-A895-407175F0B5A5}"
EndProject
Project("{9A19103F-16F7-4668-BE54-9A1E7A4F7556}") = "YQTrack.Core.Backend.Admin.Deals.Service", "Src\Project\Deals\YQTrack.Core.Backend.Admin.Deals.Service\YQTrack.Core.Backend.Admin.Deals.Service.csproj", "{0A7D9C16-F3BE-460C-8872-D09436592A71}"
EndProject
Project("{2150E333-8FDC-42A3-9474-1A3956D46DE8}") = "Statistic", "Statistic", "{506A40F9-EDF7-4945-B85F-C8F909224015}"
EndProject
Project("{9A19103F-16F7-4668-BE54-9A1E7A4F7556}") = "YQTrack.Core.Backend.Admin.Log.Data", "Src\Project\Statistic\YQTrack.Core.Backend.Admin.Log.Data\YQTrack.Core.Backend.Admin.Log.Data.csproj", "{5198BFB3-CFD8-4D5E-84FA-90C2B0AF62A6}"
EndProject
Project("{9A19103F-16F7-4668-BE54-9A1E7A4F7556}") = "YQTrack.Core.Backend.Admin.Log.DTO", "Src\Project\Statistic\YQTrack.Core.Backend.Admin.Log.DTO\YQTrack.Core.Backend.Admin.Log.DTO.csproj", "{266F1631-8352-42C2-9BB7-9341ECD2941B}"
EndProject
Project("{9A19103F-16F7-4668-BE54-9A1E7A4F7556}") = "YQTrack.Core.Backend.Admin.Log.Service", "Src\Project\Statistic\YQTrack.Core.Backend.Admin.Log.Service\YQTrack.Core.Backend.Admin.Log.Service.csproj", "{A484FF5F-711F-4A70-BBD6-77186062CC7C}"
EndProject
Project("{2150E333-8FDC-42A3-9474-1A3956D46DE8}") = "SRVI", "SRVI", "{1E72F85F-98EC-4811-B6A3-37A7A3D56A8B}"
EndProject
Project("{FAE04EC0-301F-11D3-BF4B-00C04F79EFBC}") = "YQTrack.IMS.Deals", "SRVISrc\YQTrack.IMS.Deals\YQTrack.IMS.Deals.csproj", "{2F60FC23-69BB-4DD1-B831-E1A6B07538C7}"
EndProject
Project("{FAE04EC0-301F-11D3-BF4B-00C04F79EFBC}") = "YQTrack.IMS.Deals.Test", "SRVISrc\YQTrack.IMS.Deals.Test\YQTrack.IMS.Deals.Test.csproj", "{3D7C18B3-ACF1-4158-B66C-6D2BF7587919}"
EndProject
Project("{2150E333-8FDC-42A3-9474-1A3956D46DE8}") = "TrackApi", "TrackApi", "{8FD9A659-9CF0-4222-AB39-C6A904BA8C1C}"
EndProject
Project("{9A19103F-16F7-4668-BE54-9A1E7A4F7556}") = "YQTrack.Core.Backend.Admin.TrackApi.Data", "Src\Project\TrackApi\YQTrack.Core.Backend.Admin.TrackApi.Data\YQTrack.Core.Backend.Admin.TrackApi.Data.csproj", "{3DCC76E5-D236-480D-9B46-0D92E0BE4C99}"
EndProject
Project("{9A19103F-16F7-4668-BE54-9A1E7A4F7556}") = "YQTrack.Core.Backend.Admin.TrackApi.DTO", "Src\Project\TrackApi\YQTrack.Core.Backend.Admin.TrackApi.DTO\YQTrack.Core.Backend.Admin.TrackApi.DTO.csproj", "{919F3B84-979A-43E7-AE43-E508316AF35E}"
EndProject
Project("{9A19103F-16F7-4668-BE54-9A1E7A4F7556}") = "YQTrack.Core.Backend.Admin.TrackApi.Service", "Src\Project\TrackApi\YQTrack.Core.Backend.Admin.TrackApi.Service\YQTrack.Core.Backend.Admin.TrackApi.Service.csproj", "{AB73F7DE-CD2A-466B-BC74-C33FB6A2F954}"
EndProject
Project("{2150E333-8FDC-42A3-9474-1A3956D46DE8}") = "CarrierTrack", "CarrierTrack", "{B8E990B8-6C5C-4B90-8F28-D6CBE008F253}"
EndProject
Project("{9A19103F-16F7-4668-BE54-9A1E7A4F7556}") = "YQTrack.Core.Backend.Admin.CarrierTrack.Data", "Src\Project\CarrierTrack\YQTrack.Core.Backend.Admin.CarrierTrack.Data\YQTrack.Core.Backend.Admin.CarrierTrack.Data.csproj", "{96AA1305-625B-4415-BCB7-172EE034A160}"
EndProject
Project("{9A19103F-16F7-4668-BE54-9A1E7A4F7556}") = "YQTrack.Core.Backend.Admin.CarrierTrack.DTO", "Src\Project\CarrierTrack\YQTrack.Core.Backend.Admin.CarrierTrack.DTO\YQTrack.Core.Backend.Admin.CarrierTrack.DTO.csproj", "{0D5C53A8-8182-46B5-8C60-84AF620102FC}"
EndProject
Project("{9A19103F-16F7-4668-BE54-9A1E7A4F7556}") = "YQTrack.Core.Backend.Admin.CarrierTrack.Service", "Src\Project\CarrierTrack\YQTrack.Core.Backend.Admin.CarrierTrack.Service\YQTrack.Core.Backend.Admin.CarrierTrack.Service.csproj", "{7F663A89-0DD7-487C-9A43-F60132DA3117}"
EndProject
Project("{9A19103F-16F7-4668-BE54-9A1E7A4F7556}") = "YQTrack.Core.Backend.Admin.CommonService", "Src\Core\YQTrack.Core.Backend.Admin.CommonService\YQTrack.Core.Backend.Admin.CommonService.csproj", "{5DE0020E-B3BC-4077-85C5-FA89C0968A43}"
EndProject
Project("{9A19103F-16F7-4668-BE54-9A1E7A4F7556}") = "YQTrack.Core.Backend.Admin.CarrierTrack.JobService", "Src\Project\CarrierTrack\YQTrack.Core.Backend.Admin.CarrierTrack.JobService\YQTrack.Core.Backend.Admin.CarrierTrack.JobService.csproj", "{2DA3A9FC-3560-410E-A43C-B835A96E668B}"
EndProject
Project("{9A19103F-16F7-4668-BE54-9A1E7A4F7556}") = "YQTrack.Core.Backend.Admin.CarrierTrack.Core", "Src\Project\CarrierTrack\YQTrack.Core.Backend.Admin.CarrierTrack.Core\YQTrack.Core.Backend.Admin.CarrierTrack.Core.csproj", "{DB77D0BD-2A11-4A71-9C09-094A048E4DE2}"
EndProject
Project("{9A19103F-16F7-4668-BE54-9A1E7A4F7556}") = "YQTrack.Core.Backend.Admin.Seller.Data", "Src\Project\Seller\YQTrack.Core.Backend.Admin.Seller.Data\YQTrack.Core.Backend.Admin.Seller.Data.csproj", "{D6F7B1F4-B6F7-4606-AAF8-B908E5462F8D}"
EndProject
Project("{9A19103F-16F7-4668-BE54-9A1E7A4F7556}") = "YQTrack.Core.Backend.Admin.Seller.DTO", "Src\Project\Seller\YQTrack.Core.Backend.Admin.Seller.DTO\YQTrack.Core.Backend.Admin.Seller.DTO.csproj", "{3B54491B-680C-441E-9103-8FCE703B1039}"
EndProject
Project("{9A19103F-16F7-4668-BE54-9A1E7A4F7556}") = "YQTrack.Core.Backend.Admin.Seller.Service", "Src\Project\Seller\YQTrack.Core.Backend.Admin.Seller.Service\YQTrack.Core.Backend.Admin.Seller.Service.csproj", "{E165304F-DE0E-4A38-B698-DA2652358C25}"
EndProject
Project("{2150E333-8FDC-42A3-9474-1A3956D46DE8}") = "DevOps", "DevOps", "{0C2AA996-86CA-4732-8C63-ADEA22D5D668}"
EndProject
Project("{9A19103F-16F7-4668-BE54-9A1E7A4F7556}") = "YQTrack.Core.Backend.Admin.DevOps.Service", "Src\Project\DevOps\YQTrack.Core.Backend.Admin.DevOps.Service\YQTrack.Core.Backend.Admin.DevOps.Service.csproj", "{E6EED9EC-BBF5-4FC8-99B5-5C7CC10DB4C4}"
EndProject
Project("{9A19103F-16F7-4668-BE54-9A1E7A4F7556}") = "YQTrack.Core.Backend.Admin.DevOps.DTO", "Src\Project\DevOps\YQTrack.Core.Backend.Admin.DevOps.DTO\YQTrack.Core.Backend.Admin.DevOps.DTO.csproj", "{64B4E735-B1D1-4D0D-A4E3-EB72DDE1C322}"
EndProject
Project("{2150E333-8FDC-42A3-9474-1A3956D46DE8}") = "Email", "Email", "{4005419D-ECAF-4DB0-B35A-F3823A0B0565}"
EndProject
Project("{9A19103F-16F7-4668-BE54-9A1E7A4F7556}") = "YQTrack.Core.Backend.Admin.Email.DTO", "Src\Project\Email\YQTrack.Core.Backend.Admin.Email.DTO\YQTrack.Core.Backend.Admin.Email.DTO.csproj", "{156F3A2D-9F75-43BD-8093-E15923818143}"
EndProject
Project("{9A19103F-16F7-4668-BE54-9A1E7A4F7556}") = "YQTrack.Core.Backend.Admin.Email.Service", "Src\Project\Email\YQTrack.Core.Backend.Admin.Email.Service\YQTrack.Core.Backend.Admin.Email.Service.csproj", "{C0614B5A-23D2-4341-84CF-0D28A86A644C}"
EndProject
Project("{2150E333-8FDC-42A3-9474-1A3956D46DE8}") = "RealTime", "RealTime", "{4671F37D-0974-4A43-B354-6B3DE21ECCB3}"
EndProject
Project("{9A19103F-16F7-4668-BE54-9A1E7A4F7556}") = "YQTrack.Core.Backend.Admin.RealTime.Data", "YQTrack.Core.Backend.Admin.RealTime.Data\YQTrack.Core.Backend.Admin.RealTime.Data.csproj", "{3A70FF33-4994-4E53-A76D-E06335A7FD71}"
EndProject
Project("{9A19103F-16F7-4668-BE54-9A1E7A4F7556}") = "YQTrack.Core.Backend.Admin.RealTime.DTO", "YQTrack.Core.Backend.Admin.RealTime.DTO\YQTrack.Core.Backend.Admin.RealTime.DTO.csproj", "{7F5F8ED6-B1F0-4BC0-A09E-42C6CBA6EED0}"
EndProject
Project("{9A19103F-16F7-4668-BE54-9A1E7A4F7556}") = "YQTrack.Core.Backend.Admin.RealTime.Service", "YQTrack.Core.Backend.Admin.RealTime.Service\YQTrack.Core.Backend.Admin.RealTime.Service.csproj", "{5C8F6B28-4625-4B86-B3AC-94FC6B8D5571}"
EndProject
Global
	GlobalSection(SolutionConfigurationPlatforms) = preSolution
		Debug|Any CPU = Debug|Any CPU
		Release|Any CPU = Release|Any CPU
	EndGlobalSection
	GlobalSection(ProjectConfigurationPlatforms) = postSolution
		{BE50F7E7-19E7-49C6-8BA3-1F7CA9E50F9F}.Debug|Any CPU.ActiveCfg = Debug|Any CPU
		{BE50F7E7-19E7-49C6-8BA3-1F7CA9E50F9F}.Debug|Any CPU.Build.0 = Debug|Any CPU
		{BE50F7E7-19E7-49C6-8BA3-1F7CA9E50F9F}.Release|Any CPU.ActiveCfg = Release|Any CPU
		{BE50F7E7-19E7-49C6-8BA3-1F7CA9E50F9F}.Release|Any CPU.Build.0 = Release|Any CPU
		{F265F4D2-9870-4475-BC07-A09AB7EA1C64}.Debug|Any CPU.ActiveCfg = Debug|Any CPU
		{F265F4D2-9870-4475-BC07-A09AB7EA1C64}.Debug|Any CPU.Build.0 = Debug|Any CPU
		{F265F4D2-9870-4475-BC07-A09AB7EA1C64}.Release|Any CPU.ActiveCfg = Release|Any CPU
		{F265F4D2-9870-4475-BC07-A09AB7EA1C64}.Release|Any CPU.Build.0 = Release|Any CPU
		{F1FD4EEE-53EB-43E9-B752-1501C3823E99}.Debug|Any CPU.ActiveCfg = Debug|Any CPU
		{F1FD4EEE-53EB-43E9-B752-1501C3823E99}.Debug|Any CPU.Build.0 = Debug|Any CPU
		{F1FD4EEE-53EB-43E9-B752-1501C3823E99}.Release|Any CPU.ActiveCfg = Release|Any CPU
		{F1FD4EEE-53EB-43E9-B752-1501C3823E99}.Release|Any CPU.Build.0 = Release|Any CPU
		{471E5095-5D18-4069-ABB7-14F921CF3000}.Debug|Any CPU.ActiveCfg = Debug|Any CPU
		{471E5095-5D18-4069-ABB7-14F921CF3000}.Debug|Any CPU.Build.0 = Debug|Any CPU
		{471E5095-5D18-4069-ABB7-14F921CF3000}.Release|Any CPU.ActiveCfg = Release|Any CPU
		{471E5095-5D18-4069-ABB7-14F921CF3000}.Release|Any CPU.Build.0 = Release|Any CPU
		{08AFFC38-CC98-4200-8F41-E23FBE4433B3}.Debug|Any CPU.ActiveCfg = Debug|Any CPU
		{08AFFC38-CC98-4200-8F41-E23FBE4433B3}.Debug|Any CPU.Build.0 = Debug|Any CPU
		{08AFFC38-CC98-4200-8F41-E23FBE4433B3}.Release|Any CPU.ActiveCfg = Release|Any CPU
		{08AFFC38-CC98-4200-8F41-E23FBE4433B3}.Release|Any CPU.Build.0 = Release|Any CPU
		{AA660A6A-C729-4987-8B1C-B31434DA7DE1}.Debug|Any CPU.ActiveCfg = Debug|Any CPU
		{AA660A6A-C729-4987-8B1C-B31434DA7DE1}.Debug|Any CPU.Build.0 = Debug|Any CPU
		{AA660A6A-C729-4987-8B1C-B31434DA7DE1}.Release|Any CPU.ActiveCfg = Release|Any CPU
		{AA660A6A-C729-4987-8B1C-B31434DA7DE1}.Release|Any CPU.Build.0 = Release|Any CPU
		{0C50C30B-387E-4694-8358-6F7839439E19}.Debug|Any CPU.ActiveCfg = Debug|Any CPU
		{0C50C30B-387E-4694-8358-6F7839439E19}.Debug|Any CPU.Build.0 = Debug|Any CPU
		{0C50C30B-387E-4694-8358-6F7839439E19}.Release|Any CPU.ActiveCfg = Release|Any CPU
		{0C50C30B-387E-4694-8358-6F7839439E19}.Release|Any CPU.Build.0 = Release|Any CPU
		{3E6C069B-00E2-433F-A834-83ED955476BB}.Debug|Any CPU.ActiveCfg = Debug|Any CPU
		{3E6C069B-00E2-433F-A834-83ED955476BB}.Debug|Any CPU.Build.0 = Debug|Any CPU
		{3E6C069B-00E2-433F-A834-83ED955476BB}.Release|Any CPU.ActiveCfg = Release|Any CPU
		{3E6C069B-00E2-433F-A834-83ED955476BB}.Release|Any CPU.Build.0 = Release|Any CPU
		{59B4754A-ECCB-4043-8D9F-91BCDD9771A9}.Debug|Any CPU.ActiveCfg = Debug|Any CPU
		{59B4754A-ECCB-4043-8D9F-91BCDD9771A9}.Debug|Any CPU.Build.0 = Debug|Any CPU
		{59B4754A-ECCB-4043-8D9F-91BCDD9771A9}.Release|Any CPU.ActiveCfg = Release|Any CPU
		{59B4754A-ECCB-4043-8D9F-91BCDD9771A9}.Release|Any CPU.Build.0 = Release|Any CPU
		{7083D1E7-9C18-425E-AF4D-2FA252050274}.Debug|Any CPU.ActiveCfg = Debug|Any CPU
		{7083D1E7-9C18-425E-AF4D-2FA252050274}.Debug|Any CPU.Build.0 = Debug|Any CPU
		{7083D1E7-9C18-425E-AF4D-2FA252050274}.Release|Any CPU.ActiveCfg = Release|Any CPU
		{7083D1E7-9C18-425E-AF4D-2FA252050274}.Release|Any CPU.Build.0 = Release|Any CPU
		{768B0F71-684B-47F6-A60F-6FD5E058380C}.Debug|Any CPU.ActiveCfg = Debug|Any CPU
		{768B0F71-684B-47F6-A60F-6FD5E058380C}.Debug|Any CPU.Build.0 = Debug|Any CPU
		{768B0F71-684B-47F6-A60F-6FD5E058380C}.Release|Any CPU.ActiveCfg = Release|Any CPU
		{768B0F71-684B-47F6-A60F-6FD5E058380C}.Release|Any CPU.Build.0 = Release|Any CPU
		{9BAF434F-258A-4CD9-86E8-1C266063D4FF}.Debug|Any CPU.ActiveCfg = Debug|Any CPU
		{9BAF434F-258A-4CD9-86E8-1C266063D4FF}.Debug|Any CPU.Build.0 = Debug|Any CPU
		{9BAF434F-258A-4CD9-86E8-1C266063D4FF}.Release|Any CPU.ActiveCfg = Release|Any CPU
		{9BAF434F-258A-4CD9-86E8-1C266063D4FF}.Release|Any CPU.Build.0 = Release|Any CPU
		{5F741442-4E6E-44C4-A5CC-8694B476B35F}.Debug|Any CPU.ActiveCfg = Debug|Any CPU
		{5F741442-4E6E-44C4-A5CC-8694B476B35F}.Debug|Any CPU.Build.0 = Debug|Any CPU
		{5F741442-4E6E-44C4-A5CC-8694B476B35F}.Release|Any CPU.ActiveCfg = Release|Any CPU
		{5F741442-4E6E-44C4-A5CC-8694B476B35F}.Release|Any CPU.Build.0 = Release|Any CPU
		{65DBC3E4-D746-47FC-80CA-6A7E5ED76F4F}.Debug|Any CPU.ActiveCfg = Debug|Any CPU
		{65DBC3E4-D746-47FC-80CA-6A7E5ED76F4F}.Debug|Any CPU.Build.0 = Debug|Any CPU
		{65DBC3E4-D746-47FC-80CA-6A7E5ED76F4F}.Release|Any CPU.ActiveCfg = Release|Any CPU
		{65DBC3E4-D746-47FC-80CA-6A7E5ED76F4F}.Release|Any CPU.Build.0 = Release|Any CPU
		{F20844C8-BAFE-4E2E-8BA4-3BF13A1B8793}.Debug|Any CPU.ActiveCfg = Debug|Any CPU
		{F20844C8-BAFE-4E2E-8BA4-3BF13A1B8793}.Debug|Any CPU.Build.0 = Debug|Any CPU
		{F20844C8-BAFE-4E2E-8BA4-3BF13A1B8793}.Release|Any CPU.ActiveCfg = Release|Any CPU
		{F20844C8-BAFE-4E2E-8BA4-3BF13A1B8793}.Release|Any CPU.Build.0 = Release|Any CPU
		{85875C84-5658-404F-9F57-847EECF811F5}.Debug|Any CPU.ActiveCfg = Debug|Any CPU
		{85875C84-5658-404F-9F57-847EECF811F5}.Debug|Any CPU.Build.0 = Debug|Any CPU
		{85875C84-5658-404F-9F57-847EECF811F5}.Release|Any CPU.ActiveCfg = Release|Any CPU
		{85875C84-5658-404F-9F57-847EECF811F5}.Release|Any CPU.Build.0 = Release|Any CPU
		{AABB783E-A9F2-482C-968F-1AE631C1F6F5}.Debug|Any CPU.ActiveCfg = Debug|Any CPU
		{AABB783E-A9F2-482C-968F-1AE631C1F6F5}.Debug|Any CPU.Build.0 = Debug|Any CPU
		{AABB783E-A9F2-482C-968F-1AE631C1F6F5}.Release|Any CPU.ActiveCfg = Release|Any CPU
		{AABB783E-A9F2-482C-968F-1AE631C1F6F5}.Release|Any CPU.Build.0 = Release|Any CPU
		{B6E41EF9-B304-46C7-99BA-D50A5C3FD4ED}.Debug|Any CPU.ActiveCfg = Debug|Any CPU
		{B6E41EF9-B304-46C7-99BA-D50A5C3FD4ED}.Debug|Any CPU.Build.0 = Debug|Any CPU
		{B6E41EF9-B304-46C7-99BA-D50A5C3FD4ED}.Release|Any CPU.ActiveCfg = Release|Any CPU
		{B6E41EF9-B304-46C7-99BA-D50A5C3FD4ED}.Release|Any CPU.Build.0 = Release|Any CPU
		{9A02E931-BEAA-437A-9412-C33810B705EC}.Debug|Any CPU.ActiveCfg = Debug|Any CPU
		{9A02E931-BEAA-437A-9412-C33810B705EC}.Debug|Any CPU.Build.0 = Debug|Any CPU
		{9A02E931-BEAA-437A-9412-C33810B705EC}.Release|Any CPU.ActiveCfg = Release|Any CPU
		{9A02E931-BEAA-437A-9412-C33810B705EC}.Release|Any CPU.Build.0 = Release|Any CPU
		{A65FB090-3224-4CF3-833E-4EEB1684F7A5}.Debug|Any CPU.ActiveCfg = Debug|Any CPU
		{A65FB090-3224-4CF3-833E-4EEB1684F7A5}.Debug|Any CPU.Build.0 = Debug|Any CPU
		{A65FB090-3224-4CF3-833E-4EEB1684F7A5}.Release|Any CPU.ActiveCfg = Release|Any CPU
		{A65FB090-3224-4CF3-833E-4EEB1684F7A5}.Release|Any CPU.Build.0 = Release|Any CPU
		{C03B2B8D-8A89-4C4C-A7A4-E943DD761A81}.Debug|Any CPU.ActiveCfg = Debug|Any CPU
		{C03B2B8D-8A89-4C4C-A7A4-E943DD761A81}.Debug|Any CPU.Build.0 = Debug|Any CPU
		{C03B2B8D-8A89-4C4C-A7A4-E943DD761A81}.Release|Any CPU.ActiveCfg = Release|Any CPU
		{C03B2B8D-8A89-4C4C-A7A4-E943DD761A81}.Release|Any CPU.Build.0 = Release|Any CPU
		{E308F593-6FD5-461C-AC0C-A843423A0319}.Debug|Any CPU.ActiveCfg = Debug|Any CPU
		{E308F593-6FD5-461C-AC0C-A843423A0319}.Debug|Any CPU.Build.0 = Debug|Any CPU
		{E308F593-6FD5-461C-AC0C-A843423A0319}.Release|Any CPU.ActiveCfg = Release|Any CPU
		{E308F593-6FD5-461C-AC0C-A843423A0319}.Release|Any CPU.Build.0 = Release|Any CPU
		{311300D4-6D5A-45C9-AE38-D8475367A7D5}.Debug|Any CPU.ActiveCfg = Debug|Any CPU
		{311300D4-6D5A-45C9-AE38-D8475367A7D5}.Debug|Any CPU.Build.0 = Debug|Any CPU
		{311300D4-6D5A-45C9-AE38-D8475367A7D5}.Release|Any CPU.ActiveCfg = Release|Any CPU
		{311300D4-6D5A-45C9-AE38-D8475367A7D5}.Release|Any CPU.Build.0 = Release|Any CPU
		{C3A797F5-7A7E-41B4-A895-407175F0B5A5}.Debug|Any CPU.ActiveCfg = Debug|Any CPU
		{C3A797F5-7A7E-41B4-A895-407175F0B5A5}.Debug|Any CPU.Build.0 = Debug|Any CPU
		{C3A797F5-7A7E-41B4-A895-407175F0B5A5}.Release|Any CPU.ActiveCfg = Release|Any CPU
		{C3A797F5-7A7E-41B4-A895-407175F0B5A5}.Release|Any CPU.Build.0 = Release|Any CPU
		{0A7D9C16-F3BE-460C-8872-D09436592A71}.Debug|Any CPU.ActiveCfg = Debug|Any CPU
		{0A7D9C16-F3BE-460C-8872-D09436592A71}.Debug|Any CPU.Build.0 = Debug|Any CPU
		{0A7D9C16-F3BE-460C-8872-D09436592A71}.Release|Any CPU.ActiveCfg = Release|Any CPU
		{0A7D9C16-F3BE-460C-8872-D09436592A71}.Release|Any CPU.Build.0 = Release|Any CPU
		{5198BFB3-CFD8-4D5E-84FA-90C2B0AF62A6}.Debug|Any CPU.ActiveCfg = Debug|Any CPU
		{5198BFB3-CFD8-4D5E-84FA-90C2B0AF62A6}.Debug|Any CPU.Build.0 = Debug|Any CPU
		{5198BFB3-CFD8-4D5E-84FA-90C2B0AF62A6}.Release|Any CPU.ActiveCfg = Release|Any CPU
		{5198BFB3-CFD8-4D5E-84FA-90C2B0AF62A6}.Release|Any CPU.Build.0 = Release|Any CPU
		{266F1631-8352-42C2-9BB7-9341ECD2941B}.Debug|Any CPU.ActiveCfg = Debug|Any CPU
		{266F1631-8352-42C2-9BB7-9341ECD2941B}.Debug|Any CPU.Build.0 = Debug|Any CPU
		{266F1631-8352-42C2-9BB7-9341ECD2941B}.Release|Any CPU.ActiveCfg = Release|Any CPU
		{266F1631-8352-42C2-9BB7-9341ECD2941B}.Release|Any CPU.Build.0 = Release|Any CPU
		{A484FF5F-711F-4A70-BBD6-77186062CC7C}.Debug|Any CPU.ActiveCfg = Debug|Any CPU
		{A484FF5F-711F-4A70-BBD6-77186062CC7C}.Debug|Any CPU.Build.0 = Debug|Any CPU
		{A484FF5F-711F-4A70-BBD6-77186062CC7C}.Release|Any CPU.ActiveCfg = Release|Any CPU
		{A484FF5F-711F-4A70-BBD6-77186062CC7C}.Release|Any CPU.Build.0 = Release|Any CPU
		{2F60FC23-69BB-4DD1-B831-E1A6B07538C7}.Debug|Any CPU.ActiveCfg = Debug|Any CPU
		{2F60FC23-69BB-4DD1-B831-E1A6B07538C7}.Debug|Any CPU.Build.0 = Debug|Any CPU
		{2F60FC23-69BB-4DD1-B831-E1A6B07538C7}.Release|Any CPU.ActiveCfg = Release|Any CPU
		{2F60FC23-69BB-4DD1-B831-E1A6B07538C7}.Release|Any CPU.Build.0 = Release|Any CPU
		{3D7C18B3-ACF1-4158-B66C-6D2BF7587919}.Debug|Any CPU.ActiveCfg = Debug|Any CPU
		{3D7C18B3-ACF1-4158-B66C-6D2BF7587919}.Debug|Any CPU.Build.0 = Debug|Any CPU
		{3D7C18B3-ACF1-4158-B66C-6D2BF7587919}.Release|Any CPU.ActiveCfg = Release|Any CPU
		{3D7C18B3-ACF1-4158-B66C-6D2BF7587919}.Release|Any CPU.Build.0 = Release|Any CPU
		{3DCC76E5-D236-480D-9B46-0D92E0BE4C99}.Debug|Any CPU.ActiveCfg = Debug|Any CPU
		{3DCC76E5-D236-480D-9B46-0D92E0BE4C99}.Debug|Any CPU.Build.0 = Debug|Any CPU
		{3DCC76E5-D236-480D-9B46-0D92E0BE4C99}.Release|Any CPU.ActiveCfg = Release|Any CPU
		{3DCC76E5-D236-480D-9B46-0D92E0BE4C99}.Release|Any CPU.Build.0 = Release|Any CPU
		{919F3B84-979A-43E7-AE43-E508316AF35E}.Debug|Any CPU.ActiveCfg = Debug|Any CPU
		{919F3B84-979A-43E7-AE43-E508316AF35E}.Debug|Any CPU.Build.0 = Debug|Any CPU
		{919F3B84-979A-43E7-AE43-E508316AF35E}.Release|Any CPU.ActiveCfg = Release|Any CPU
		{919F3B84-979A-43E7-AE43-E508316AF35E}.Release|Any CPU.Build.0 = Release|Any CPU
		{AB73F7DE-CD2A-466B-BC74-C33FB6A2F954}.Debug|Any CPU.ActiveCfg = Debug|Any CPU
		{AB73F7DE-CD2A-466B-BC74-C33FB6A2F954}.Debug|Any CPU.Build.0 = Debug|Any CPU
		{AB73F7DE-CD2A-466B-BC74-C33FB6A2F954}.Release|Any CPU.ActiveCfg = Release|Any CPU
		{AB73F7DE-CD2A-466B-BC74-C33FB6A2F954}.Release|Any CPU.Build.0 = Release|Any CPU
		{96AA1305-625B-4415-BCB7-172EE034A160}.Debug|Any CPU.ActiveCfg = Debug|Any CPU
		{96AA1305-625B-4415-BCB7-172EE034A160}.Debug|Any CPU.Build.0 = Debug|Any CPU
		{96AA1305-625B-4415-BCB7-172EE034A160}.Release|Any CPU.ActiveCfg = Release|Any CPU
		{96AA1305-625B-4415-BCB7-172EE034A160}.Release|Any CPU.Build.0 = Release|Any CPU
		{0D5C53A8-8182-46B5-8C60-84AF620102FC}.Debug|Any CPU.ActiveCfg = Debug|Any CPU
		{0D5C53A8-8182-46B5-8C60-84AF620102FC}.Debug|Any CPU.Build.0 = Debug|Any CPU
		{0D5C53A8-8182-46B5-8C60-84AF620102FC}.Release|Any CPU.ActiveCfg = Release|Any CPU
		{0D5C53A8-8182-46B5-8C60-84AF620102FC}.Release|Any CPU.Build.0 = Release|Any CPU
		{7F663A89-0DD7-487C-9A43-F60132DA3117}.Debug|Any CPU.ActiveCfg = Debug|Any CPU
		{7F663A89-0DD7-487C-9A43-F60132DA3117}.Debug|Any CPU.Build.0 = Debug|Any CPU
		{7F663A89-0DD7-487C-9A43-F60132DA3117}.Release|Any CPU.ActiveCfg = Release|Any CPU
		{7F663A89-0DD7-487C-9A43-F60132DA3117}.Release|Any CPU.Build.0 = Release|Any CPU
		{5DE0020E-B3BC-4077-85C5-FA89C0968A43}.Debug|Any CPU.ActiveCfg = Debug|Any CPU
		{5DE0020E-B3BC-4077-85C5-FA89C0968A43}.Debug|Any CPU.Build.0 = Debug|Any CPU
		{5DE0020E-B3BC-4077-85C5-FA89C0968A43}.Release|Any CPU.ActiveCfg = Release|Any CPU
		{5DE0020E-B3BC-4077-85C5-FA89C0968A43}.Release|Any CPU.Build.0 = Release|Any CPU
		{2DA3A9FC-3560-410E-A43C-B835A96E668B}.Debug|Any CPU.ActiveCfg = Debug|Any CPU
		{2DA3A9FC-3560-410E-A43C-B835A96E668B}.Debug|Any CPU.Build.0 = Debug|Any CPU
		{2DA3A9FC-3560-410E-A43C-B835A96E668B}.Release|Any CPU.ActiveCfg = Release|Any CPU
		{2DA3A9FC-3560-410E-A43C-B835A96E668B}.Release|Any CPU.Build.0 = Release|Any CPU
		{DB77D0BD-2A11-4A71-9C09-094A048E4DE2}.Debug|Any CPU.ActiveCfg = Debug|Any CPU
		{DB77D0BD-2A11-4A71-9C09-094A048E4DE2}.Debug|Any CPU.Build.0 = Debug|Any CPU
		{DB77D0BD-2A11-4A71-9C09-094A048E4DE2}.Release|Any CPU.ActiveCfg = Release|Any CPU
		{DB77D0BD-2A11-4A71-9C09-094A048E4DE2}.Release|Any CPU.Build.0 = Release|Any CPU
		{D6F7B1F4-B6F7-4606-AAF8-B908E5462F8D}.Debug|Any CPU.ActiveCfg = Debug|Any CPU
		{D6F7B1F4-B6F7-4606-AAF8-B908E5462F8D}.Debug|Any CPU.Build.0 = Debug|Any CPU
		{D6F7B1F4-B6F7-4606-AAF8-B908E5462F8D}.Release|Any CPU.ActiveCfg = Release|Any CPU
		{D6F7B1F4-B6F7-4606-AAF8-B908E5462F8D}.Release|Any CPU.Build.0 = Release|Any CPU
		{3B54491B-680C-441E-9103-8FCE703B1039}.Debug|Any CPU.ActiveCfg = Debug|Any CPU
		{3B54491B-680C-441E-9103-8FCE703B1039}.Debug|Any CPU.Build.0 = Debug|Any CPU
		{3B54491B-680C-441E-9103-8FCE703B1039}.Release|Any CPU.ActiveCfg = Release|Any CPU
		{3B54491B-680C-441E-9103-8FCE703B1039}.Release|Any CPU.Build.0 = Release|Any CPU
		{E165304F-DE0E-4A38-B698-DA2652358C25}.Debug|Any CPU.ActiveCfg = Debug|Any CPU
		{E165304F-DE0E-4A38-B698-DA2652358C25}.Debug|Any CPU.Build.0 = Debug|Any CPU
		{E165304F-DE0E-4A38-B698-DA2652358C25}.Release|Any CPU.ActiveCfg = Release|Any CPU
		{E165304F-DE0E-4A38-B698-DA2652358C25}.Release|Any CPU.Build.0 = Release|Any CPU
		{E6EED9EC-BBF5-4FC8-99B5-5C7CC10DB4C4}.Debug|Any CPU.ActiveCfg = Debug|Any CPU
		{E6EED9EC-BBF5-4FC8-99B5-5C7CC10DB4C4}.Debug|Any CPU.Build.0 = Debug|Any CPU
		{E6EED9EC-BBF5-4FC8-99B5-5C7CC10DB4C4}.Release|Any CPU.ActiveCfg = Release|Any CPU
		{E6EED9EC-BBF5-4FC8-99B5-5C7CC10DB4C4}.Release|Any CPU.Build.0 = Release|Any CPU
		{64B4E735-B1D1-4D0D-A4E3-EB72DDE1C322}.Debug|Any CPU.ActiveCfg = Debug|Any CPU
		{64B4E735-B1D1-4D0D-A4E3-EB72DDE1C322}.Debug|Any CPU.Build.0 = Debug|Any CPU
		{64B4E735-B1D1-4D0D-A4E3-EB72DDE1C322}.Release|Any CPU.ActiveCfg = Release|Any CPU
		{64B4E735-B1D1-4D0D-A4E3-EB72DDE1C322}.Release|Any CPU.Build.0 = Release|Any CPU
		{156F3A2D-9F75-43BD-8093-E15923818143}.Debug|Any CPU.ActiveCfg = Debug|Any CPU
		{156F3A2D-9F75-43BD-8093-E15923818143}.Debug|Any CPU.Build.0 = Debug|Any CPU
		{156F3A2D-9F75-43BD-8093-E15923818143}.Release|Any CPU.ActiveCfg = Release|Any CPU
		{156F3A2D-9F75-43BD-8093-E15923818143}.Release|Any CPU.Build.0 = Release|Any CPU
		{C0614B5A-23D2-4341-84CF-0D28A86A644C}.Debug|Any CPU.ActiveCfg = Debug|Any CPU
		{C0614B5A-23D2-4341-84CF-0D28A86A644C}.Debug|Any CPU.Build.0 = Debug|Any CPU
		{C0614B5A-23D2-4341-84CF-0D28A86A644C}.Release|Any CPU.ActiveCfg = Release|Any CPU
		{C0614B5A-23D2-4341-84CF-0D28A86A644C}.Release|Any CPU.Build.0 = Release|Any CPU
		{3A70FF33-4994-4E53-A76D-E06335A7FD71}.Debug|Any CPU.ActiveCfg = Debug|Any CPU
		{3A70FF33-4994-4E53-A76D-E06335A7FD71}.Debug|Any CPU.Build.0 = Debug|Any CPU
		{3A70FF33-4994-4E53-A76D-E06335A7FD71}.Release|Any CPU.ActiveCfg = Release|Any CPU
		{3A70FF33-4994-4E53-A76D-E06335A7FD71}.Release|Any CPU.Build.0 = Release|Any CPU
		{7F5F8ED6-B1F0-4BC0-A09E-42C6CBA6EED0}.Debug|Any CPU.ActiveCfg = Debug|Any CPU
		{7F5F8ED6-B1F0-4BC0-A09E-42C6CBA6EED0}.Debug|Any CPU.Build.0 = Debug|Any CPU
		{7F5F8ED6-B1F0-4BC0-A09E-42C6CBA6EED0}.Release|Any CPU.ActiveCfg = Release|Any CPU
		{7F5F8ED6-B1F0-4BC0-A09E-42C6CBA6EED0}.Release|Any CPU.Build.0 = Release|Any CPU
		{5C8F6B28-4625-4B86-B3AC-94FC6B8D5571}.Debug|Any CPU.ActiveCfg = Debug|Any CPU
		{5C8F6B28-4625-4B86-B3AC-94FC6B8D5571}.Debug|Any CPU.Build.0 = Debug|Any CPU
		{5C8F6B28-4625-4B86-B3AC-94FC6B8D5571}.Release|Any CPU.ActiveCfg = Release|Any CPU
		{5C8F6B28-4625-4B86-B3AC-94FC6B8D5571}.Release|Any CPU.Build.0 = Release|Any CPU
	EndGlobalSection
	GlobalSection(SolutionProperties) = preSolution
		HideSolutionNode = FALSE
	EndGlobalSection
	GlobalSection(NestedProjects) = preSolution
		{C1BDD8CE-2C44-43E6-9783-29491443C435} = {0279CFE1-07AB-4DC4-A741-9DA7FC46DED8}
		{A923071D-F8F4-47CD-880D-5882526DEC46} = {0279CFE1-07AB-4DC4-A741-9DA7FC46DED8}
		{CA3D6D4A-74C5-417F-9A3E-007068A20403} = {0279CFE1-07AB-4DC4-A741-9DA7FC46DED8}
		{61452C03-E8F8-498F-B162-A283D167337D} = {0279CFE1-07AB-4DC4-A741-9DA7FC46DED8}
		{2E49D844-AF6B-4671-BEE4-CA55B63B1EE6} = {CA3D6D4A-74C5-417F-9A3E-007068A20403}
		{4588E051-81CB-4552-879A-5B854E799427} = {CA3D6D4A-74C5-417F-9A3E-007068A20403}
		{140F5FF5-A498-4289-A510-E9DF1E4E01FE} = {CA3D6D4A-74C5-417F-9A3E-007068A20403}
		{77ED35E4-5B4D-4A4A-A07A-31E4A99BF59D} = {CA3D6D4A-74C5-417F-9A3E-007068A20403}
		{E564CE9D-C1EF-4F4B-8493-196BA7EED630} = {CA3D6D4A-74C5-417F-9A3E-007068A20403}
		{BE50F7E7-19E7-49C6-8BA3-1F7CA9E50F9F} = {C1BDD8CE-2C44-43E6-9783-29491443C435}
		{F265F4D2-9870-4475-BC07-A09AB7EA1C64} = {C1BDD8CE-2C44-43E6-9783-29491443C435}
		{F1FD4EEE-53EB-43E9-B752-1501C3823E99} = {C1BDD8CE-2C44-43E6-9783-29491443C435}
		{471E5095-5D18-4069-ABB7-14F921CF3000} = {A923071D-F8F4-47CD-880D-5882526DEC46}
		{08AFFC38-CC98-4200-8F41-E23FBE4433B3} = {77ED35E4-5B4D-4A4A-A07A-31E4A99BF59D}
		{AA660A6A-C729-4987-8B1C-B31434DA7DE1} = {77ED35E4-5B4D-4A4A-A07A-31E4A99BF59D}
		{0C50C30B-387E-4694-8358-6F7839439E19} = {77ED35E4-5B4D-4A4A-A07A-31E4A99BF59D}
		{3E6C069B-00E2-433F-A834-83ED955476BB} = {61452C03-E8F8-498F-B162-A283D167337D}
		{59B4754A-ECCB-4043-8D9F-91BCDD9771A9} = {C1BDD8CE-2C44-43E6-9783-29491443C435}
		{7083D1E7-9C18-425E-AF4D-2FA252050274} = {A923071D-F8F4-47CD-880D-5882526DEC46}
		{768B0F71-684B-47F6-A60F-6FD5E058380C} = {A8610FFD-2F8B-4E27-90E4-E37CD79F436B}
		{9BAF434F-258A-4CD9-86E8-1C266063D4FF} = {2E49D844-AF6B-4671-BEE4-CA55B63B1EE6}
		{5F741442-4E6E-44C4-A5CC-8694B476B35F} = {2E49D844-AF6B-4671-BEE4-CA55B63B1EE6}
		{65DBC3E4-D746-47FC-80CA-6A7E5ED76F4F} = {2E49D844-AF6B-4671-BEE4-CA55B63B1EE6}
		{F20844C8-BAFE-4E2E-8BA4-3BF13A1B8793} = {E564CE9D-C1EF-4F4B-8493-196BA7EED630}
		{85875C84-5658-404F-9F57-847EECF811F5} = {E564CE9D-C1EF-4F4B-8493-196BA7EED630}
		{AABB783E-A9F2-482C-968F-1AE631C1F6F5} = {E564CE9D-C1EF-4F4B-8493-196BA7EED630}
		{B6E41EF9-B304-46C7-99BA-D50A5C3FD4ED} = {E564CE9D-C1EF-4F4B-8493-196BA7EED630}
		{7F826C28-DD27-4B22-A980-33CF81E58EAC} = {CA3D6D4A-74C5-417F-9A3E-007068A20403}
		{9A02E931-BEAA-437A-9412-C33810B705EC} = {7F826C28-DD27-4B22-A980-33CF81E58EAC}
		{A65FB090-3224-4CF3-833E-4EEB1684F7A5} = {7F826C28-DD27-4B22-A980-33CF81E58EAC}
		{C03B2B8D-8A89-4C4C-A7A4-E943DD761A81} = {7F826C28-DD27-4B22-A980-33CF81E58EAC}
		{BC7ADDB3-227A-41F7-9246-66FF5EBCF852} = {CA3D6D4A-74C5-417F-9A3E-007068A20403}
		{E308F593-6FD5-461C-AC0C-A843423A0319} = {BC7ADDB3-227A-41F7-9246-66FF5EBCF852}
		{311300D4-6D5A-45C9-AE38-D8475367A7D5} = {BC7ADDB3-227A-41F7-9246-66FF5EBCF852}
		{C3A797F5-7A7E-41B4-A895-407175F0B5A5} = {BC7ADDB3-227A-41F7-9246-66FF5EBCF852}
		{0A7D9C16-F3BE-460C-8872-D09436592A71} = {BC7ADDB3-227A-41F7-9246-66FF5EBCF852}
		{506A40F9-EDF7-4945-B85F-C8F909224015} = {CA3D6D4A-74C5-417F-9A3E-007068A20403}
		{5198BFB3-CFD8-4D5E-84FA-90C2B0AF62A6} = {506A40F9-EDF7-4945-B85F-C8F909224015}
		{266F1631-8352-42C2-9BB7-9341ECD2941B} = {506A40F9-EDF7-4945-B85F-C8F909224015}
		{A484FF5F-711F-4A70-BBD6-77186062CC7C} = {506A40F9-EDF7-4945-B85F-C8F909224015}
		{2F60FC23-69BB-4DD1-B831-E1A6B07538C7} = {1E72F85F-98EC-4811-B6A3-37A7A3D56A8B}
		{3D7C18B3-ACF1-4158-B66C-6D2BF7587919} = {1E72F85F-98EC-4811-B6A3-37A7A3D56A8B}
		{8FD9A659-9CF0-4222-AB39-C6A904BA8C1C} = {CA3D6D4A-74C5-417F-9A3E-007068A20403}
		{3DCC76E5-D236-480D-9B46-0D92E0BE4C99} = {8FD9A659-9CF0-4222-AB39-C6A904BA8C1C}
		{919F3B84-979A-43E7-AE43-E508316AF35E} = {8FD9A659-9CF0-4222-AB39-C6A904BA8C1C}
		{AB73F7DE-CD2A-466B-BC74-C33FB6A2F954} = {8FD9A659-9CF0-4222-AB39-C6A904BA8C1C}
		{B8E990B8-6C5C-4B90-8F28-D6CBE008F253} = {CA3D6D4A-74C5-417F-9A3E-007068A20403}
		{96AA1305-625B-4415-BCB7-172EE034A160} = {B8E990B8-6C5C-4B90-8F28-D6CBE008F253}
		{0D5C53A8-8182-46B5-8C60-84AF620102FC} = {B8E990B8-6C5C-4B90-8F28-D6CBE008F253}
		{7F663A89-0DD7-487C-9A43-F60132DA3117} = {B8E990B8-6C5C-4B90-8F28-D6CBE008F253}
		{5DE0020E-B3BC-4077-85C5-FA89C0968A43} = {A923071D-F8F4-47CD-880D-5882526DEC46}
		{2DA3A9FC-3560-410E-A43C-B835A96E668B} = {B8E990B8-6C5C-4B90-8F28-D6CBE008F253}
		{DB77D0BD-2A11-4A71-9C09-094A048E4DE2} = {B8E990B8-6C5C-4B90-8F28-D6CBE008F253}
		{D6F7B1F4-B6F7-4606-AAF8-B908E5462F8D} = {4588E051-81CB-4552-879A-5B854E799427}
		{3B54491B-680C-441E-9103-8FCE703B1039} = {4588E051-81CB-4552-879A-5B854E799427}
		{E165304F-DE0E-4A38-B698-DA2652358C25} = {4588E051-81CB-4552-879A-5B854E799427}
		{0C2AA996-86CA-4732-8C63-ADEA22D5D668} = {CA3D6D4A-74C5-417F-9A3E-007068A20403}
		{E6EED9EC-BBF5-4FC8-99B5-5C7CC10DB4C4} = {0C2AA996-86CA-4732-8C63-ADEA22D5D668}
		{64B4E735-B1D1-4D0D-A4E3-EB72DDE1C322} = {0C2AA996-86CA-4732-8C63-ADEA22D5D668}
		{4005419D-ECAF-4DB0-B35A-F3823A0B0565} = {CA3D6D4A-74C5-417F-9A3E-007068A20403}
		{156F3A2D-9F75-43BD-8093-E15923818143} = {4005419D-ECAF-4DB0-B35A-F3823A0B0565}
		{C0614B5A-23D2-4341-84CF-0D28A86A644C} = {4005419D-ECAF-4DB0-B35A-F3823A0B0565}
		{4671F37D-0974-4A43-B354-6B3DE21ECCB3} = {CA3D6D4A-74C5-417F-9A3E-007068A20403}
		{3A70FF33-4994-4E53-A76D-E06335A7FD71} = {4671F37D-0974-4A43-B354-6B3DE21ECCB3}
		{7F5F8ED6-B1F0-4BC0-A09E-42C6CBA6EED0} = {4671F37D-0974-4A43-B354-6B3DE21ECCB3}
		{5C8F6B28-4625-4B86-B3AC-94FC6B8D5571} = {4671F37D-0974-4A43-B354-6B3DE21ECCB3}
	EndGlobalSection
	GlobalSection(ExtensibilityGlobals) = postSolution
		SolutionGuid = {FD9FFED9-9987-49BA-9F6E-BCD8FA6C7F42}
	EndGlobalSection
EndGlobal
